// !$*UTF8*$!
{
	archiveVersion = 1;
	classes = {
	};
	objectVersion = 77;
	objects = {

/* Begin PBXBuildFile section */
		ADB048F42F902A9400E6059D /* Kingfisher in Frameworks */ = {isa = PBXBuildFile; productRef = ADB048F32F902A9400E6059D /* Kingfisher */; };
/* End PBXBuildFile section */

/* Begin PBXContainerItemProxy section */
		AD4AAC032F8EC197003FF226 /* PBXContainerItemProxy */ = {
			isa = PBXContainerItemProxy;
			containerPortal = AD4AABE42F8EC192003FF226 /* Project object */;
			proxyType = 1;
			remoteGlobalIDString = AD4AABEB2F8EC192003FF226;
			remoteInfo = MovieDataBase;
		};
		AD4AAC0D2F8EC197003FF226 /* PBXContainerItemProxy */ = {
			isa = PBXContainerItemProxy;
			containerPortal = AD4AABE42F8EC192003FF226 /* Project object */;
			proxyType = 1;
			remoteGlobalIDString = AD4AABEB2F8EC192003FF226;
			remoteInfo = MovieDataBase;
		};
/* End PBXContainerItemProxy section */

/* Begin PBXFileReference section */
		AD4AABEC2F8EC192003FF226 /* MovieDataBase.app */ = {isa = PBXFileReference; explicitFileType = wrapper.application; includeInIndex = 0; path = MovieDataBase.app; sourceTree = BUILT_PRODUCTS_DIR; };
		AD4AAC022F8EC197003FF226 /* MovieDataBaseTests.xctest */ = {isa = PBXFileReference; explicitFileType = wrapper.cfbundle; includeInIndex = 0; path = MovieDataBaseTests.xctest; sourceTree = BUILT_PRODUCTS_DIR; };
		AD4AAC0C2F8EC197003FF226 /* MovieDataBaseUITests.xctest */ = {isa = PBXFileReference; explicitFileType = wrapper.cfbundle; includeInIndex = 0; path = MovieDataBaseUITests.xctest; sourceTree = BUILT_PRODUCTS_DIR; };
		ADAE12C82F92BDB2005BD934 /* MovieDataBase.xctestplan */ = {isa = PBXFileReference; lastKnownFileType = text; path = MovieDataBase.xctestplan; sourceTree = "<group>"; };
/* End PBXFileReference section */

/* Begin PBXFileSystemSynchronizedBuildFileExceptionSet section */
		AD4AAC142F8EC197003FF226 /* Exceptions for "MovieDataBase" folder in "MovieDataBase" target */ = {
			isa = PBXFileSystemSynchronizedBuildFileExceptionSet;
			membershipExceptions = (
				Info.plist,
			);
			target = AD4AABEB2F8EC192003FF226 /* MovieDataBase */;
		};
/* End PBXFileSystemSynchronizedBuildFileExceptionSet section */

/* Begin PBXFileSystemSynchronizedRootGroup section */
		AD4AABEE2F8EC192003FF226 /* MovieDataBase */ = {
			isa = PBXFileSystemSynchronizedRootGroup;
			exceptions = (
				AD4AAC142F8EC197003FF226 /* Exceptions for "MovieDataBase" folder in "MovieDataBase" target */,
			);
			path = MovieDataBase;
			sourceTree = "<group>";
		};
		AD4AAC052F8EC197003FF226 /* MovieDataBaseTests */ = {
			isa = PBXFileSystemSynchronizedRootGroup;
			path = MovieDataBaseTests;
			sourceTree = "<group>";
		};
		AD4AAC0F2F8EC197003FF226 /* MovieDataBaseUITests */ = {
			isa = PBXFileSystemSynchronizedRootGroup;
			path = MovieDataBaseUITests;
			sourceTree = "<group>";
		};
/* End PBXFileSystemSynchronizedRootGroup section */

/* Begin PBXFrameworksBuildPhase section */
		AD4AABE92F8EC192003FF226 /* Frameworks */ = {
			isa = PBXFrameworksBuildPhase;
			buildActionMask = 2147483647;
			files = (
				ADB048F42F902A9400E6059D /* Kingfisher in Frameworks */,
			);
			runOnlyForDeploymentPostprocessing = 0;
		};
		AD4AABFF2F8EC197003FF226 /* Frameworks */ = {
			isa = PBXFrameworksBuildPhase;
			buildActionMask = 2147483647;
			files = (
			);
			runOnlyForDeploymentPostprocessing = 0;
		};
		AD4AAC092F8EC197003FF226 /* Frameworks */ = {
			isa = PBXFrameworksBuildPhase;
			buildActionMask = 2147483647;
			files = (
			);
			runOnlyForDeploymentPostprocessing = 0;
		};
/* End PBXFrameworksBuildPhase section */

/* Begin PBXGroup section */
		AD4AABE32F8EC192003FF226 = {
			isa = PBXGroup;
			children = (
				ADAE12C82F92BDB2005BD934 /* MovieDataBase.xctestplan */,
				AD4AABEE2F8EC192003FF226 /* MovieDataBase */,
				AD4AAC052F8EC197003FF226 /* MovieDataBaseTests */,
				AD4AAC0F2F8EC197003FF226 /* MovieDataBaseUITests */,
				AD4AABED2F8EC192003FF226 /* Products */,
			);
			sourceTree = "<group>";
		};
		AD4AABED2F8EC192003FF226 /* Products */ = {
			isa = PBXGroup;
			children = (
				AD4AABEC2F8EC192003FF226 /* MovieDataBase.app */,
				AD4AAC022F8EC197003FF226 /* MovieDataBaseTests.xctest */,
				AD4AAC0C2F8EC197003FF226 /* MovieDataBaseUITests.xctest */,
			);
			name = Products;
			sourceTree = "<group>";
		};
/* End PBXGroup section */

/* Begin PBXNativeTarget section */
		AD4AABEB2F8EC192003FF226 /* MovieDataBase */ = {
			isa = PBXNativeTarget;
			buildConfigurationList = AD4AAC152F8EC197003FF226 /* Build configuration list for PBXNativeTarget "MovieDataBase" */;
			buildPhases = (
				AD4AABE82F8EC192003FF226 /* Sources */,
				AD4AABE92F8EC192003FF226 /* Frameworks */,
				AD4AABEA2F8EC192003FF226 /* Resources */,
			);
			buildRules = (
			);
			dependencies = (
			);
			fileSystemSynchronizedGroups = (
				AD4AABEE2F8EC192003FF226 /* MovieDataBase */,
			);
			name = MovieDataBase;
			packageProductDependencies = (
				ADB048F32F902A9400E6059D /* Kingfisher */,
			);
			productName = MovieDataBase;
			productReference = AD4AABEC2F8EC192003FF226 /* MovieDataBase.app */;
			productType = "com.apple.product-type.application";
		};
		AD4AAC012F8EC197003FF226 /* MovieDataBaseTests */ = {
			isa = PBXNativeTarget;
			buildConfigurationList = AD4AAC1A2F8EC197003FF226 /* Build configuration list for PBXNativeTarget "MovieDataBaseTests" */;
			buildPhases = (
				AD4AABFE2F8EC197003FF226 /* Sources */,
				AD4AABFF2F8EC197003FF226 /* Frameworks */,
				AD4AAC002F8EC197003FF226 /* Resources */,
			);
			buildRules = (
			);
			dependencies = (
				AD4AAC042F8EC197003FF226 /* PBXTargetDependency */,
			);
			fileSystemSynchronizedGroups = (
				AD4AAC052F8EC197003FF226 /* MovieDataBaseTests */,
			);
			name = MovieDataBaseTests;
			packageProductDependencies = (
			);
			productName = MovieDataBaseTests;
			productReference = AD4AAC022F8EC197003FF226 /* MovieDataBaseTests.xctest */;
			productType = "com.apple.product-type.bundle.unit-test";
		};
		AD4AAC0B2F8EC197003FF226 /* MovieDataBaseUITests */ = {
			isa = PBXNativeTarget;
			buildConfigurationList = AD4AAC1D2F8EC197003FF226 /* Build configuration list for PBXNativeTarget "MovieDataBaseUITests" */;
			buildPhases = (
				AD4AAC082F8EC197003FF226 /* Sources */,
				AD4AAC092F8EC197003FF226 /* Frameworks */,
				AD4AAC0A2F8EC197003FF226 /* Resources */,
			);
			buildRules = (
			);
			dependencies = (
				AD4AAC0E2F8EC197003FF226 /* PBXTargetDependency */,
			);
			fileSystemSynchronizedGroups = (
				AD4AAC0F2F8EC197003FF226 /* MovieDataBaseUITests */,
			);
			name = MovieDataBaseUITests;
			packageProductDependencies = (
			);
			productName = MovieDataBaseUITests;
			productReference = AD4AAC0C2F8EC197003FF226 /* MovieDataBaseUITests.xctest */;
			productType = "com.apple.product-type.bundle.ui-testing";
		};
/* End PBXNativeTarget section */

/* Begin PBXProject section */
		AD4AABE42F8EC192003FF226 /* Project object */ = {
			isa = PBXProject;
			attributes = {
				BuildIndependentTargetsInParallel = 1;
				LastSwiftUpdateCheck = 2630;
				LastUpgradeCheck = 2630;
				TargetAttributes = {
					AD4AABEB2F8EC192003FF226 = {
						CreatedOnToolsVersion = 26.3;
					};
					AD4AAC012F8EC197003FF226 = {
						CreatedOnToolsVersion = 26.3;
						TestTargetID = AD4AABEB2F8EC192003FF226;
					};
					AD4AAC0B2F8EC197003FF226 = {
						CreatedOnToolsVersion = 26.3;
						TestTargetID = AD4AABEB2F8EC192003FF226;
					};
				};
			};
			buildConfigurationList = AD4AABE72F8EC192003FF226 /* Build configuration list for PBXProject "MovieDataBase" */;
			developmentRegion = en;
			hasScannedForEncodings = 0;
			knownRegions = (
				en,
				Base,
			);
			mainGroup = AD4AABE32F8EC192003FF226;
			minimizedProjectReferenceProxies = 1;
			packageReferences = (
				ADB048F22F902A9400E6059D /* XCRemoteSwiftPackageReference "Kingfisher" */,
			);
			preferredProjectObjectVersion = 77;
			productRefGroup = AD4AABED2F8EC192003FF226 /* Products */;
			projectDirPath = "";
			projectRoot = "";
			targets = (
				AD4AABEB2F8EC192003FF226 /* MovieDataBase */,
				AD4AAC012F8EC197003FF226 /* MovieDataBaseTests */,
				AD4AAC0B2F8EC197003FF226 /* MovieDataBaseUITests */,
			);
		};
/* End PBXProject section */

/* Begin PBXResourcesBuildPhase section */
		AD4AABEA2F8EC192003FF226 /* Resources */ = {
			isa = PBXResourcesBuildPhase;
			buildActionMask = 2147483647;
			files = (
			);
			runOnlyForDeploymentPostprocessing = 0;
		};
		AD4AAC002F8EC197003FF226 /* Resources */ = {
			isa = PBXResourcesBuildPhase;
			buildActionMask = 2147483647;
			files = (
			);
			runOnlyForDeploymentPostprocessing = 0;
		};
		AD4AAC0A2F8EC197003FF226 /* Resources */ = {
			isa = PBXResourcesBuildPhase;
			buildActionMask = 2147483647;
			files = (
			);
			runOnlyForDeploymentPostprocessing = 0;
		};
/* End PBXResourcesBuildPhase section */

/* Begin PBXSourcesBuildPhase section */
		AD4AABE82F8EC192003FF226 /* Sources */ = {
			isa = PBXSourcesBuildPhase;
			buildActionMask = 2147483647;
			files = (
			);
			runOnlyForDeploymentPostprocessing = 0;
		};
		AD4AABFE2F8EC197003FF226 /* Sources */ = {
			isa = PBXSourcesBuildPhase;
			buildActionMask = 2147483647;
			files = (
			);
			runOnlyForDeploymentPostprocessing = 0;
		};
		AD4AAC082F8EC197003FF226 /* Sources */ = {
			isa = PBXSourcesBuildPhase;
			buildActionMask = 2147483647;
			files = (
			);
			runOnlyForDeploymentPostprocessing = 0;
		};
/* End PBXSourcesBuildPhase section */

/* Begin PBXTargetDependency section */
		AD4AAC042F8EC197003FF226 /* PBXTargetDependency */ = {
			isa = PBXTargetDependency;
			target = AD4AABEB2F8EC192003FF226 /* MovieDataBase */;
			targetProxy = AD4AAC032F8EC197003FF226 /* PBXContainerItemProxy */;
		};
		AD4AAC0E2F8EC197003FF226 /* PBXTargetDependency */ = {
			isa = PBXTargetDependency;
			target = AD4AABEB2F8EC192003FF226 /* MovieDataBase */;
			targetProxy = AD4AAC0D2F8EC197003FF226 /* PBXContainerItemProxy */;
		};
/* End PBXTargetDependency section */

/* Begin XCBuildConfiguration section */
		AD4AAC162F8EC197003FF226 /* Debug */ = {
			isa = XCBuildConfiguration;
			buildSettings = {
				ASSETCATALOG_COMPILER_APPICON_NAME = AppIcon;
				ASSETCATALOG_COMPILER_GLOBAL_ACCENT_COLOR_NAME = AccentColor;
				CODE_SIGN_STYLE = Automatic;
				CURRENT_PROJECT_VERSION = 1;
				DEVELOPMENT_TEAM = 7BY7HSAL34;
				GENERATE_INFOPLIST_FILE = YES;
				INFOPLIST_FILE = MovieDataBase/Info.plist;
				INFOPLIST_KEY_CFBundleDisplayName = TMDB;
				INFOPLIST_KEY_UIApplicationSupportsIndirectInputEvents = YES;
				INFOPLIST_KEY_UILaunchStoryboardName = LaunchScreen;
				INFOPLIST_KEY_UIMainStoryboardFile = Main;
				INFOPLIST_KEY_UISupportedInterfaceOrientations_iPad = "UIInterfaceOrientationPortrait UIInterfaceOrientationPortraitUpsideDown UIInterfaceOrientationLandscapeLeft UIInterfaceOrientationLandscapeRight";
				INFOPLIST_KEY_UISupportedInterfaceOrientations_iPhone = "UIInterfaceOrientationPortrait UIInterfaceOrientationLandscapeLeft UIInterfaceOrientationLandscapeRight";
				LD_RUNPATH_SEARCH_PATHS = (
					"$(inherited)",
					"@executable_path/Frameworks",
				);
				MARKETING_VERSION = 1.0;
				PRODUCT_BUNDLE_IDENTIFIER = com.vijendran.MovieDataBase;
				PRODUCT_NAME = "$(TARGET_NAME)";
				STRING_CATALOG_GENERATE_SYMBOLS = YES;
				SWIFT_APPROACHABLE_CONCURRENCY = YES;
				SWIFT_DEFAULT_ACTOR_ISOLATION = MainActor;
				SWIFT_EMIT_LOC_STRINGS = YES;
				SWIFT_UPCOMING_FEATURE_MEMBER_IMPORT_VISIBILITY = YES;
				SWIFT_VERSION = 5.0;
				TARGETED_DEVICE_FAMILY = "1,2";
			};
			name = Debug;
		};
		AD4AAC172F8EC197003FF226 /* Release */ = {
			isa = XCBuildConfiguration;
			buildSettings = {
				ASSETCATALOG_COMPILER_APPICON_NAME = AppIcon;
				ASSETCATALOG_COMPILER_GLOBAL_ACCENT_COLOR_NAME = AccentColor;
				CODE_SIGN_STYLE = Automatic;
				CURRENT_PROJECT_VERSION = 1;
				DEVELOPMENT_TEAM = 7BY7HSAL34;
				GENERATE_INFOPLIST_FILE = YES;
				INFOPLIST_FILE = MovieDataBase/Info.plist;
				INFOPLIST_KEY_CFBundleDisplayName = TMDB;
				INFOPLIST_KEY_UIApplicationSupportsIndirectInputEvents = YES;
				INFOPLIST_KEY_UILaunchStoryboardName = LaunchScreen;
				INFOPLIST_KEY_UIMainStoryboardFile = Main;
				INFOPLIST_KEY_UISupportedInterfaceOrientations_iPad = "UIInterfaceOrientationPortrait UIInterfaceOrientationPortraitUpsideDown UIInterfaceOrientationLandscapeLeft UIInterfaceOrientationLandscapeRight";
				INFOPLIST_KEY_UISupportedInterfaceOrientations_iPhone = "UIInterfaceOrientationPortrait UIInterfaceOrientationLandscapeLeft UIInterfaceOrientationLandscapeRight";
				LD_RUNPATH_SEARCH_PATHS = (
					"$(inherited)",
					"@executable_path/Frameworks",
				);
				MARKETING_VERSION = 1.0;
				PRODUCT_BUNDLE_IDENTIFIER = com.vijendran.MovieDataBase;
				PRODUCT_NAME = "$(TARGET_NAME)";
				STRING_CATALOG_GENERATE_SYMBOLS = YES;
				SWIFT_APPROACHABLE_CONCURRENCY = YES;
				SWIFT_DEFAULT_ACTOR_ISOLATION = MainActor;
				SWIFT_EMIT_LOC_STRINGS = YES;
				SWIFT_UPCOMING_FEATURE_MEMBER_IMPORT_VISIBILITY = YES;
				SWIFT_VERSION = 5.0;
				TARGETED_DEVICE_FAMILY = "1,2";
			};
			name = Release;
		};
		AD4AAC182F8EC197003FF226 /* Debug */ = {
			isa = XCBuildConfiguration;
			buildSettings = {
				ALWAYS_SEARCH_USER_PATHS = NO;
				ASSETCATALOG_COMPILER_GENERATE_SWIFT_ASSET_SYMBOL_EXTENSIONS = YES;
				CLANG_ANALYZER_NONNULL = YES;
				CLANG_ANALYZER_NUMBER_OBJECT_CONVERSION = YES_AGGRESSIVE;
				CLANG_CXX_LANGUAGE_STANDARD = "gnu++20";
				CLANG_ENABLE_MODULES = YES;
				CLANG_ENABLE_OBJC_ARC = YES;
				CLANG_ENABLE_OBJC_WEAK = YES;
				CLANG_WARN_BLOCK_CAPTURE_AUTORELEASING = YES;
				CLANG_WARN_BOOL_CONVERSION = YES;
				CLANG_WARN_COMMA = YES;
				CLANG_WARN_CONSTANT_CONVERSION = YES;
				CLANG_WARN_DEPRECATED_OBJC_IMPLEMENTATIONS = YES;
				CLANG_WARN_DIRECT_OBJC_ISA_USAGE = YES_ERROR;
				CLANG_WARN_DOCUMENTATION_COMMENTS = YES;
				CLANG_WARN_EMPTY_BODY = YES;
				CLANG_WARN_ENUM_CONVERSION = YES;
				CLANG_WARN_INFINITE_RECURSION = YES;
				CLANG_WARN_INT_CONVERSION = YES;
				CLANG_WARN_NON_LITERAL_NULL_CONVERSION = YES;
				CLANG_WARN_OBJC_IMPLICIT_RETAIN_SELF = YES;
				CLANG_WARN_OBJC_LITERAL_CONVERSION = YES;
				CLANG_WARN_OBJC_ROOT_CLASS = YES_ERROR;
				CLANG_WARN_QUOTED_INCLUDE_IN_FRAMEWORK_HEADER = YES;
				CLANG_WARN_RANGE_LOOP_ANALYSIS = YES;
				CLANG_WARN_STRICT_PROTOTYPES = YES;
				CLANG_WARN_SUSPICIOUS_MOVE = YES;
				CLANG_WARN_UNGUARDED_AVAILABILITY = YES_AGGRESSIVE;
				CLANG_WARN_UNREACHABLE_CODE = YES;
				CLANG_WARN__DUPLICATE_METHOD_MATCH = YES;
				COPY_PHASE_STRIP = NO;
				DEBUG_INFORMATION_FORMAT = dwarf;
				DEVELOPMENT_TEAM = 7BY7HSAL34;
				ENABLE_STRICT_OBJC_MSGSEND = YES;
				ENABLE_TESTABILITY = YES;
				ENABLE_USER_SCRIPT_SANDBOXING = YES;
				GCC_C_LANGUAGE_STANDARD = gnu17;
				GCC_DYNAMIC_NO_PIC = NO;
				GCC_NO_COMMON_BLOCKS = YES;
				GCC_OPTIMIZATION_LEVEL = 0;
				GCC_PREPROCESSOR_DEFINITIONS = (
					"DEBUG=1",
					"$(inherited)",
				);
				GCC_WARN_64_TO_32_BIT_CONVERSION = YES;
				GCC_WARN_ABOUT_RETURN_TYPE = YES_ERROR;
				GCC_WARN_UNDECLARED_SELECTOR = YES;
				GCC_WARN_UNINITIALIZED_AUTOS = YES_AGGRESSIVE;
				GCC_WARN_UNUSED_FUNCTION = YES;
				GCC_WARN_UNUSED_VARIABLE = YES;
				IPHONEOS_DEPLOYMENT_TARGET = 26.2;
				LOCALIZATION_PREFERS_STRING_CATALOGS = YES;
				MTL_ENABLE_DEBUG_INFO = INCLUDE_SOURCE;
				MTL_FAST_MATH = YES;
				ONLY_ACTIVE_ARCH = YES;
				SDKROOT = iphoneos;
				SWIFT_ACTIVE_COMPILATION_CONDITIONS = "DEBUG $(inherited)";
				SWIFT_OPTIMIZATION_LEVEL = "-Onone";
			};
			name = Debug;
		};
		AD4AAC192F8EC197003FF226 /* Release */ = {
			isa = XCBuildConfiguration;
			buildSettings = {
				ALWAYS_SEARCH_USER_PATHS = NO;
				ASSETCATALOG_COMPILER_GENERATE_SWIFT_ASSET_SYMBOL_EXTENSIONS = YES;
				CLANG_ANALYZER_NONNULL = YES;
				CLANG_ANALYZER_NUMBER_OBJECT_CONVERSION = YES_AGGRESSIVE;
				CLANG_CXX_LANGUAGE_STANDARD = "gnu++20";
				CLANG_ENABLE_MODULES = YES;
				CLANG_ENABLE_OBJC_ARC = YES;
				CLANG_ENABLE_OBJC_WEAK = YES;
				CLANG_WARN_BLOCK_CAPTURE_AUTORELEASING = YES;
				CLANG_WARN_BOOL_CONVERSION = YES;
				CLANG_WARN_COMMA = YES;
				CLANG_WARN_CONSTANT_CONVERSION = YES;
				CLANG_WARN_DEPRECATED_OBJC_IMPLEMENTATIONS = YES;
				CLANG_WARN_DIRECT_OBJC_ISA_USAGE = YES_ERROR;
				CLANG_WARN_DOCUMENTATION_COMMENTS = YES;
				CLANG_WARN_EMPTY_BODY = YES;
				CLANG_WARN_ENUM_CONVERSION = YES;
				CLANG_WARN_INFINITE_RECURSION = YES;
				CLANG_WARN_INT_CONVERSION = YES;
				CLANG_WARN_NON_LITERAL_NULL_CONVERSION = YES;
				CLANG_WARN_OBJC_IMPLICIT_RETAIN_SELF = YES;
				CLANG_WARN_OBJC_LITERAL_CONVERSION = YES;
				CLANG_WARN_OBJC_ROOT_CLASS = YES_ERROR;
				CLANG_WARN_QUOTED_INCLUDE_IN_FRAMEWORK_HEADER = YES;
				CLANG_WARN_RANGE_LOOP_ANALYSIS = YES;
				CLANG_WARN_STRICT_PROTOTYPES = YES;
				CLANG_WARN_SUSPICIOUS_MOVE = YES;
				CLANG_WARN_UNGUARDED_AVAILABILITY = YES_AGGRESSIVE;
				CLANG_WARN_UNREACHABLE_CODE = YES;
				CLANG_WARN__DUPLICATE_METHOD_MATCH = YES;
				COPY_PHASE_STRIP = NO;
				DEBUG_INFORMATION_FORMAT = "dwarf-with-dsym";
				DEVELOPMENT_TEAM = 7BY7HSAL34;
				ENABLE_NS_ASSERTIONS = NO;
				ENABLE_STRICT_OBJC_MSGSEND = YES;
				ENABLE_USER_SCRIPT_SANDBOXING = YES;
				GCC_C_LANGUAGE_STANDARD = gnu17;
				GCC_NO_COMMON_BLOCKS = YES;
				GCC_WARN_64_TO_32_BIT_CONVERSION = YES;
				GCC_WARN_ABOUT_RETURN_TYPE = YES_ERROR;
				GCC_WARN_UNDECLARED_SELECTOR = YES;
				GCC_WARN_UNINITIALIZED_AUTOS = YES_AGGRESSIVE;
				GCC_WARN_UNUSED_FUNCTION = YES;
				GCC_WARN_UNUSED_VARIABLE = YES;
				IPHONEOS_DEPLOYMENT_TARGET = 26.2;
				LOCALIZATION_PREFERS_STRING_CATALOGS = YES;
				MTL_ENABLE_DEBUG_INFO = NO;
				MTL_FAST_MATH = YES;
				SDKROOT = iphoneos;
				SWIFT_COMPILATION_MODE = wholemodule;
				VALIDATE_PRODUCT = YES;
			};
			name = Release;
		};
		AD4AAC1B2F8EC197003FF226 /* Debug */ = {
			isa = XCBuildConfiguration;
			buildSettings = {
				BUNDLE_LOADER = "$(TEST_HOST)";
				CODE_SIGN_STYLE = Automatic;
				CURRENT_PROJECT_VERSION = 1;
				DEVELOPMENT_TEAM = 7BY7HSAL34;
				GENERATE_INFOPLIST_FILE = YES;
				IPHONEOS_DEPLOYMENT_TARGET = 26.2;
				MARKETING_VERSION = 1.0;
				PRODUCT_BUNDLE_IDENTIFIER = com.vijendran.MovieDataBaseTests;
				PRODUCT_NAME = "$(TARGET_NAME)";
				STRING_CATALOG_GENERATE_SYMBOLS = NO;
				SWIFT_APPROACHABLE_CONCURRENCY = YES;
				SWIFT_EMIT_LOC_STRINGS = NO;
				SWIFT_UPCOMING_FEATURE_MEMBER_IMPORT_VISIBILITY = YES;
				SWIFT_VERSION = 5.0;
				TARGETED_DEVICE_FAMILY = "1,2";
				TEST_HOST = "$(BUILT_PRODUCTS_DIR)/MovieDataBase.app/$(BUNDLE_EXECUTABLE_FOLDER_PATH)/MovieDataBase";
			};
			name = Debug;
		};
		AD4AAC1C2F8EC197003FF226 /* Release */ = {
			isa = XCBuildConfiguration;
			buildSettings = {
				BUNDLE_LOADER = "$(TEST_HOST)";
				CODE_SIGN_STYLE = Automatic;
				CURRENT_PROJECT_VERSION = 1;
				DEVELOPMENT_TEAM = 7BY7HSAL34;
				GENERATE_INFOPLIST_FILE = YES;
				IPHONEOS_DEPLOYMENT_TARGET = 26.2;
				MARKETING_VERSION = 1.0;
				PRODUCT_BUNDLE_IDENTIFIER = com.vijendran.MovieDataBaseTests;
				PRODUCT_NAME = "$(TARGET_NAME)";
				STRING_CATALOG_GENERATE_SYMBOLS = NO;
				SWIFT_APPROACHABLE_CONCURRENCY = YES;
				SWIFT_EMIT_LOC_STRINGS = NO;
				SWIFT_UPCOMING_FEATURE_MEMBER_IMPORT_VISIBILITY = YES;
				SWIFT_VERSION = 5.0;
				TARGETED_DEVICE_FAMILY = "1,2";
				TEST_HOST = "$(BUILT_PRODUCTS_DIR)/MovieDataBase.app/$(BUNDLE_EXECUTABLE_FOLDER_PATH)/MovieDataBase";
			};
			name = Release;
		};
		AD4AAC1E2F8EC197003FF226 /* Debug */ = {
			isa = XCBuildConfiguration;
			buildSettings = {
				CODE_SIGN_STYLE = Automatic;
				CURRENT_PROJECT_VERSION = 1;
				DEVELOPMENT_TEAM = 7BY7HSAL34;
				GENERATE_INFOPLIST_FILE = YES;
				MARKETING_VERSION = 1.0;
				PRODUCT_BUNDLE_IDENTIFIER = com.vijendran.MovieDataBaseUITests;
				PRODUCT_NAME = "$(TARGET_NAME)";
				STRING_CATALOG_GENERATE_SYMBOLS = NO;
				SWIFT_APPROACHABLE_CONCURRENCY = YES;
				SWIFT_EMIT_LOC_STRINGS = NO;
				SWIFT_UPCOMING_FEATURE_MEMBER_IMPORT_VISIBILITY = YES;
				SWIFT_VERSION = 5.0;
				TARGETED_DEVICE_FAMILY = "1,2";
				TEST_TARGET_NAME = MovieDataBase;
			};
			name = Debug;
		};
		AD4AAC1F2F8EC197003FF226 /* Release */ = {
			isa = XCBuildConfiguration;
			buildSettings = {
				CODE_SIGN_STYLE = Automatic;
				CURRENT_PROJECT_VERSION = 1;
				DEVELOPMENT_TEAM = 7BY7HSAL34;
				GENERATE_INFOPLIST_FILE = YES;
				MARKETING_VERSION = 1.0;
				PRODUCT_BUNDLE_IDENTIFIER = com.vijendran.MovieDataBaseUITests;
				PRODUCT_NAME = "$(TARGET_NAME)";
				STRING_CATALOG_GENERATE_SYMBOLS = NO;
				SWIFT_APPROACHABLE_CONCURRENCY = YES;
				SWIFT_EMIT_LOC_STRINGS = NO;
				SWIFT_UPCOMING_FEATURE_MEMBER_IMPORT_VISIBILITY = YES;
				SWIFT_VERSION = 5.0;
				TARGETED_DEVICE_FAMILY = "1,2";
				TEST_TARGET_NAME = MovieDataBase;
			};
			name = Release;
		};
/* End XCBuildConfiguration section */

/* Begin XCConfigurationList section */
		AD4AABE72F8EC192003FF226 /* Build configuration list for PBXProject "MovieDataBase" */ = {
			isa = XCConfigurationList;
			buildConfigurations = (
				AD4AAC182F8EC197003FF226 /* Debug */,
				AD4AAC192F8EC197003FF226 /* Release */,
			);
			defaultConfigurationIsVisible = 0;
			defaultConfigurationName = Release;
		};
		AD4AAC152F8EC197003FF226 /* Build configuration list for PBXNativeTarget "MovieDataBase" */ = {
			isa = XCConfigurationList;
			buildConfigurations = (
				AD4AAC162F8EC197003FF226 /* Debug */,
				AD4AAC172F8EC197003FF226 /* Release */,
			);
			defaultConfigurationIsVisible = 0;
			defaultConfigurationName = Release;
		};
		AD4AAC1A2F8EC197003FF226 /* Build configuration list for PBXNativeTarget "MovieDataBaseTests" */ = {
			isa = XCConfigurationList;
			buildConfigurations = (
				AD4AAC1B2F8EC197003FF226 /* Debug */,
				AD4AAC1C2F8EC197003FF226 /* Release */,
			);
			defaultConfigurationIsVisible = 0;
			defaultConfigurationName = Release;
		};
		AD4AAC1D2F8EC197003FF226 /* Build configuration list for PBXNativeTarget "MovieDataBaseUITests" */ = {
			isa = XCConfigurationList;
			buildConfigurations = (
				AD4AAC1E2F8EC197003FF226 /* Debug */,
				AD4AAC1F2F8EC197003FF226 /* Release */,
			);
			defaultConfigurationIsVisible = 0;
			defaultConfigurationName = Release;
		};
/* End XCConfigurationList section */

/* Begin XCRemoteSwiftPackageReference section */
		ADB048F22F902A9400E6059D /* XCRemoteSwiftPackageReference "Kingfisher" */ = {
			isa = XCRemoteSwiftPackageReference;
			repositoryURL = "https://github.com/onevcat/Kingfisher.git";
			requirement = {
				kind = upToNextMajorVersion;
				minimumVersion = 8.8.1;
			};
		};
/* End XCRemoteSwiftPackageReference section */

/* Begin XCSwiftPackageProductDependency section */
		ADB048F32F902A9400E6059D /* Kingfisher */ = {
			isa = XCSwiftPackageProductDependency;
			package = ADB048F22F902A9400E6059D /* XCRemoteSwiftPackageReference "Kingfisher" */;
			productName = Kingfisher;
		};
/* End XCSwiftPackageProductDependency section */
	};
	rootObject = AD4AABE42F8EC192003FF226 /* Project object */;
}
